// !$*UTF8*$!
{
	archiveVersion = 1;
	classes = {
	};
	objectVersion = 46;
	objects = {

/* Begin PBXBuildFile section */
		C8F0774220A3E1D900E97B2E /* AppDelegate.swift in Sources */ = {isa = PBXBuildFile; fileRef = C8F0774120A3E1D900E97B2E /* AppDelegate.swift */; };
		C8F0774420A3E1D900E97B2E /* ViewController.swift in Sources */ = {isa = PBXBuildFile; fileRef = C8F0774320A3E1D900E97B2E /* ViewController.swift */; };
		C8F0774720A3E1D900E97B2E /* Main.storyboard in Resources */ = {isa = PBXBuildFile; fileRef = C8F0774520A3E1D900E97B2E /* Main.storyboard */; };
		C8F0774A20A3E1D900E97B2E /* toolkit_assignment_2.xcdatamodeld in Sources */ = {isa = PBXBuildFile; fileRef = C8F0774820A3E1D900E97B2E /* toolkit_assignment_2.xcdatamodeld */; };
		C8F0774C20A3E1D900E97B2E /* Assets.xcassets in Resources */ = {isa = PBXBuildFile; fileRef = C8F0774B20A3E1D900E97B2E /* Assets.xcassets */; };
		C8F0774F20A3E1D900E97B2E /* LaunchScreen.storyboard in Resources */ = {isa = PBXBuildFile; fileRef = C8F0774D20A3E1D900E97B2E /* LaunchScreen.storyboard */; };
		C8F0775A20A3E1D900E97B2E /* toolkit_assignment_2Tests.swift in Sources */ = {isa = PBXBuildFile; fileRef = C8F0775920A3E1D900E97B2E /* toolkit_assignment_2Tests.swift */; };
		C8F0776520A3E1D900E97B2E /* toolkit_assignment_2UITests.swift in Sources */ = {isa = PBXBuildFile; fileRef = C8F0776420A3E1D900E97B2E /* toolkit_assignment_2UITests.swift */; };
/* End PBXBuildFile section */

/* Begin PBXContainerItemProxy section */
		C8F0775620A3E1D900E97B2E /* PBXContainerItemProxy */ = {
			isa = PBXContainerItemProxy;
			containerPortal = C8F0773620A3E1D900E97B2E /* Project object */;
			proxyType = 1;
			remoteGlobalIDString = C8F0773D20A3E1D900E97B2E;
			remoteInfo = toolkit_assignment_2;
		};
		C8F0776120A3E1D900E97B2E /* PBXContainerItemProxy */ = {
			isa = PBXContainerItemProxy;
			containerPortal = C8F0773620A3E1D900E97B2E /* Project object */;
			proxyType = 1;
			remoteGlobalIDString = C8F0773D20A3E1D900E97B2E;
			remoteInfo = toolkit_assignment_2;
		};
/* End PBXContainerItemProxy section */

/* Begin PBXFileReference section */
		C8F0773E20A3E1D900E97B2E /* toolkit_assignment_2.app */ = {isa = PBXFileReference; explicitFileType = wrapper.application; includeInIndex = 0; path = toolkit_assignment_2.app; sourceTree = BUILT_PRODUCTS_DIR; };
		C8F0774120A3E1D900E97B2E /* AppDelegate.swift */ = {isa = PBXFileReference; lastKnownFileType = sourcecode.swift; path = AppDelegate.swift; sourceTree = "<group>"; };
		C8F0774320A3E1D900E97B2E /* ViewController.swift */ = {isa = PBXFileReference; lastKnownFileType = sourcecode.swift; path = ViewController.swift; sourceTree = "<group>"; };
		C8F0774620A3E1D900E97B2E /* Base */ = {isa = PBXFileReference; lastKnownFileType = file.storyboard; name = Base; path = Base.lproj/Main.storyboard; sourceTree = "<group>"; };
		C8F0774920A3E1D900E97B2E /* toolkit_assignment_2.xcdatamodel */ = {isa = PBXFileReference; lastKnownFileType = wrapper.xcdatamodel; path = toolkit_assignment_2.xcdatamodel; sourceTree = "<group>"; };
		C8F0774B20A3E1D900E97B2E /* Assets.xcassets */ = {isa = PBXFileReference; lastKnownFileType = folder.assetcatalog; path = Assets.xcassets; sourceTree = "<group>"; };
		C8F0774E20A3E1D900E97B2E /* Base */ = {isa = PBXFileReference; lastKnownFileType = file.storyboard; name = Base; path = Base.lproj/LaunchScreen.storyboard; sourceTree = "<group>"; };
		C8F0775020A3E1D900E97B2E /* Info.plist */ = {isa = PBXFileReference; lastKnownFileType = text.plist.xml; path = Info.plist; sourceTree = "<group>"; };
		C8F0775520A3E1D900E97B2E /* toolkit_assignment_2Tests.xctest */ = {isa = PBXFileReference; explicitFileType = wrapper.cfbundle; includeInIndex = 0; path = toolkit_assignment_2Tests.xctest; sourceTree = BUILT_PRODUCTS_DIR; };
		C8F0775920A3E1D900E97B2E /* toolkit_assignment_2Tests.swift */ = {isa = PBXFileReference; lastKnownFileType = sourcecode.swift; path = toolkit_assignment_2Tests.swift; sourceTree = "<group>"; };
		C8F0775B20A3E1D900E97B2E /* Info.plist */ = {isa = PBXFileReference; lastKnownFileType = text.plist.xml; path = Info.plist; sourceTree = "<group>"; };
		C8F0776020A3E1D900E97B2E /* toolkit_assignment_2UITests.xctest */ = {isa = PBXFileReference; explicitFileType = wrapper.cfbundle; includeInIndex = 0; path = toolkit_assignment_2UITests.xctest; sourceTree = BUILT_PRODUCTS_DIR; };
		C8F0776420A3E1D900E97B2E /* toolkit_assignment_2UITests.swift */ = {isa = PBXFileReference; lastKnownFileType = sourcecode.swift; path = toolkit_assignment_2UITests.swift; sourceTree = "<group>"; };
		C8F0776620A3E1DA00E97B2E /* Info.plist */ = {isa = PBXFileReference; lastKnownFileType = text.plist.xml; path = Info.plist; sourceTree = "<group>"; };
/* End PBXFileReference section */

/* Begin PBXFrameworksBuildPhase section */
		C8F0773B20A3E1D900E97B2E /* Frameworks */ = {
			isa = PBXFrameworksBuildPhase;
			buildActionMask = 2147483647;
			files = (
			);
			runOnlyForDeploymentPostprocessing = 0;
		};
		C8F0775220A3E1D900E97B2E /* Frameworks */ = {
			isa = PBXFrameworksBuildPhase;
			buildActionMask = 2147483647;
			files = (
			);
			runOnlyForDeploymentPostprocessing = 0;
		};
		C8F0775D20A3E1D900E97B2E /* Frameworks */ = {
			isa = PBXFrameworksBuildPhase;
			buildActionMask = 2147483647;
			files = (
			);
			runOnlyForDeploymentPostprocessing = 0;
		};
/* End PBXFrameworksBuildPhase section */

/* Begin PBXGroup section */
		C8F0773520A3E1D900E97B2E = {
			isa = PBXGroup;
			children = (
				C8F0774020A3E1D900E97B2E /* toolkit_assignment_2 */,
				C8F0775820A3E1D900E97B2E /* toolkit_assignment_2Tests */,
				C8F0776320A3E1D900E97B2E /* toolkit_assignment_2UITests */,
				C8F0773F20A3E1D900E97B2E /* Products */,
			);
			sourceTree = "<group>";
		};
		C8F0773F20A3E1D900E97B2E /* Products */ = {
			isa = PBXGroup;
			children = (
				C8F0773E20A3E1D900E97B2E /* toolkit_assignment_2.app */,
				C8F0775520A3E1D900E97B2E /* toolkit_assignment_2Tests.xctest */,
				C8F0776020A3E1D900E97B2E /* toolkit_assignment_2UITests.xctest */,
			);
			name = Products;
			sourceTree = "<group>";
		};
		C8F0774020A3E1D900E97B2E /* toolkit_assignment_2 */ = {
			isa = PBXGroup;
			children = (
				C8F0774120A3E1D900E97B2E /* AppDelegate.swift */,
				C8F0774320A3E1D900E97B2E /* ViewController.swift */,
				C8F0774520A3E1D900E97B2E /* Main.storyboard */,
				C8F0774B20A3E1D900E97B2E /* Assets.xcassets */,
				C8F0774D20A3E1D900E97B2E /* LaunchScreen.storyboard */,
				C8F0775020A3E1D900E97B2E /* Info.plist */,
				C8F0774820A3E1D900E97B2E /* toolkit_assignment_2.xcdatamodeld */,
			);
			path = toolkit_assignment_2;
			sourceTree = "<group>";
		};
		C8F0775820A3E1D900E97B2E /* toolkit_assignment_2Tests */ = {
			isa = PBXGroup;
			children = (
				C8F0775920A3E1D900E97B2E /* toolkit_assignment_2Tests.swift */,
				C8F0775B20A3E1D900E97B2E /* Info.plist */,
			);
			path = toolkit_assignment_2Tests;
			sourceTree = "<group>";
		};
		C8F0776320A3E1D900E97B2E /* toolkit_assignment_2UITests */ = {
			isa = PBXGroup;
			children = (
				C8F0776420A3E1D900E97B2E /* toolkit_assignment_2UITests.swift */,
				C8F0776620A3E1DA00E97B2E /* Info.plist */,
			);
			path = toolkit_assignment_2UITests;
			sourceTree = "<group>";
		};
/* End PBXGroup section */

/* Begin PBXNativeTarget section */
		C8F0773D20A3E1D900E97B2E /* toolkit_assignment_2 */ = {
			isa = PBXNativeTarget;
			buildConfigurationList = C8F0776920A3E1DA00E97B2E /* Build configuration list for PBXNativeTarget "toolkit_assignment_2" */;
			buildPhases = (
				C8F0773A20A3E1D900E97B2E /* Sources */,
				C8F0773B20A3E1D900E97B2E /* Frameworks */,
				C8F0773C20A3E1D900E97B2E /* Resources */,
			);
			buildRules = (
			);
			dependencies = (
			);
			name = toolkit_assignment_2;
			productName = toolkit_assignment_2;
			productReference = C8F0773E20A3E1D900E97B2E /* toolkit_assignment_2.app */;
			productType = "com.apple.product-type.application";
		};
		C8F0775420A3E1D900E97B2E /* toolkit_assignment_2Tests */ = {
			isa = PBXNativeTarget;
			buildConfigurationList = C8F0776C20A3E1DA00E97B2E /* Build configuration list for PBXNativeTarget "toolkit_assignment_2Tests" */;
			buildPhases = (
				C8F0775120A3E1D900E97B2E /* Sources */,
				C8F0775220A3E1D900E97B2E /* Frameworks */,
				C8F0775320A3E1D900E97B2E /* Resources */,
			);
			buildRules = (
			);
			dependencies = (
				C8F0775720A3E1D900E97B2E /* PBXTargetDependency */,
			);
			name = toolkit_assignment_2Tests;
			productName = toolkit_assignment_2Tests;
			productReference = C8F0775520A3E1D900E97B2E /* toolkit_assignment_2Tests.xctest */;
			productType = "com.apple.product-type.bundle.unit-test";
		};
		C8F0775F20A3E1D900E97B2E /* toolkit_assignment_2UITests */ = {
			isa = PBXNativeTarget;
			buildConfigurationList = C8F0776F20A3E1DA00E97B2E /* Build configuration list for PBXNativeTarget "toolkit_assignment_2UITests" */;
			buildPhases = (
				C8F0775C20A3E1D900E97B2E /* Sources */,
				C8F0775D20A3E1D900E97B2E /* Frameworks */,
				C8F0775E20A3E1D900E97B2E /* Resources */,
			);
			buildRules = (
			);
			dependencies = (
				C8F0776220A3E1D900E97B2E /* PBXTargetDependency */,
			);
			name = toolkit_assignment_2UITests;
			productName = toolkit_assignment_2UITests;
			productReference = C8F0776020A3E1D900E97B2E /* toolkit_assignment_2UITests.xctest */;
			productType = "com.apple.product-type.bundle.ui-testing";
		};
/* End PBXNativeTarget section */

/* Begin PBXProject section */
		C8F0773620A3E1D900E97B2E /* Project object */ = {
			isa = PBXProject;
			attributes = {
				LastSwiftUpdateCheck = 0820;
				LastUpgradeCheck = 0820;
				ORGANIZATIONNAME = "AMIN HEYDARI";
				TargetAttributes = {
					C8F0773D20A3E1D900E97B2E = {
						CreatedOnToolsVersion = 8.2.1;
						DevelopmentTeam = 24SM6522LU;
						ProvisioningStyle = Automatic;
					};
					C8F0775420A3E1D900E97B2E = {
						CreatedOnToolsVersion = 8.2.1;
						DevelopmentTeam = 24SM6522LU;
						ProvisioningStyle = Automatic;
						TestTargetID = C8F0773D20A3E1D900E97B2E;
					};
					C8F0775F20A3E1D900E97B2E = {
						CreatedOnToolsVersion = 8.2.1;
						DevelopmentTeam = 24SM6522LU;
						ProvisioningStyle = Automatic;
						TestTargetID = C8F0773D20A3E1D900E97B2E;
					};
				};
			};
			buildConfigurationList = C8F0773920A3E1D900E97B2E /* Build configuration list for PBXProject "toolkit_assignment_2" */;
			compatibilityVersion = "Xcode 3.2";
			developmentRegion = English;
			hasScannedForEncodings = 0;
			knownRegions = (
				en,
				Base,
			);
			mainGroup = C8F0773520A3E1D900E97B2E;
			productRefGroup = C8F0773F20A3E1D900E97B2E /* Products */;
			projectDirPath = "";
			projectRoot = "";
			targets = (
				C8F0773D20A3E1D900E97B2E /* toolkit_assignment_2 */,
				C8F0775420A3E1D900E97B2E /* toolkit_assignment_2Tests */,
				C8F0775F20A3E1D900E97B2E /* toolkit_assignment_2UITests */,
			);
		};
/* End PBXProject section */

/* Begin PBXResourcesBuildPhase section */
		C8F0773C20A3E1D900E97B2E /* Resources */ = {
			isa = PBXResourcesBuildPhase;
			buildActionMask = 2147483647;
			files = (
				C8F0774F20A3E1D900E97B2E /* LaunchScreen.storyboard in Resources */,
				C8F0774C20A3E1D900E97B2E /* Assets.xcassets in Resources */,
				C8F0774720A3E1D900E97B2E /* Main.storyboard in Resources */,
			);
			runOnlyForDeploymentPostprocessing = 0;
		};
		C8F0775320A3E1D900E97B2E /* Resources */ = {
			isa = PBXResourcesBuildPhase;
			buildActionMask = 2147483647;
			files = (
			);
			runOnlyForDeploymentPostprocessing = 0;
		};
		C8F0775E20A3E1D900E97B2E /* Resources */ = {
			isa = PBXResourcesBuildPhase;
			buildActionMask = 2147483647;
			files = (
			);
			runOnlyForDeploymentPostprocessing = 0;
		};
/* End PBXResourcesBuildPhase section */

/* Begin PBXSourcesBuildPhase section */
		C8F0773A20A3E1D900E97B2E /* Sources */ = {
			isa = PBXSourcesBuildPhase;
			buildActionMask = 2147483647;
			files = (
				C8F0774A20A3E1D900E97B2E /* toolkit_assignment_2.xcdatamodeld in Sources */,
				C8F0774420A3E1D900E97B2E /* ViewController.swift in Sources */,
				C8F0774220A3E1D900E97B2E /* AppDelegate.swift in Sources */,
			);
			runOnlyForDeploymentPostprocessing = 0;
		};
		C8F0775120A3E1D900E97B2E /* Sources */ = {
			isa = PBXSourcesBuildPhase;
			buildActionMask = 2147483647;
			files = (
				C8F0775A20A3E1D900E97B2E /* toolkit_assignment_2Tests.swift in Sources */,
			);
			runOnlyForDeploymentPostprocessing = 0;
		};
		C8F0775C20A3E1D900E97B2E /* Sources */ = {
			isa = PBXSourcesBuildPhase;
			buildActionMask = 2147483647;
			files = (
				C8F0776520A3E1D900E97B2E /* toolkit_assignment_2UITests.swift in Sources */,
			);
			runOnlyForDeploymentPostprocessing = 0;
		};
/* End PBXSourcesBuildPhase section */

/* Begin PBXTargetDependency section */
		C8F0775720A3E1D900E97B2E /* PBXTargetDependency */ = {
			isa = PBXTargetDependency;
			target = C8F0773D20A3E1D900E97B2E /* toolkit_assignment_2 */;
			targetProxy = C8F0775620A3E1D900E97B2E /* PBXContainerItemProxy */;
		};
		C8F0776220A3E1D900E97B2E /* PBXTargetDependency */ = {
			isa = PBXTargetDependency;
			target = C8F0773D20A3E1D900E97B2E /* toolkit_assignment_2 */;
			targetProxy = C8F0776120A3E1D900E97B2E /* PBXContainerItemProxy */;
		};
/* End PBXTargetDependency section */

/* Begin PBXVariantGroup section */
		C8F0774520A3E1D900E97B2E /* Main.storyboard */ = {
			isa = PBXVariantGroup;
			children = (
				C8F0774620A3E1D900E97B2E /* Base */,
			);
			name = Main.storyboard;
			sourceTree = "<group>";
		};
		C8F0774D20A3E1D900E97B2E /* LaunchScreen.storyboard */ = {
			isa = PBXVariantGroup;
			children = (
				C8F0774E20A3E1D900E97B2E /* Base */,
			);
			name = LaunchScreen.storyboard;
			sourceTree = "<group>";
		};
/* End PBXVariantGroup section */

/* Begin XCBuildConfiguration section */
		C8F0776720A3E1DA00E97B2E /* Debug */ = {
			isa = XCBuildConfiguration;
			buildSettings = {
				ALWAYS_SEARCH_USER_PATHS = NO;
				CLANG_ANALYZER_NONNULL = YES;
				CLANG_CXX_LANGUAGE_STANDARD = "gnu++0x";
				CLANG_CXX_LIBRARY = "libc++";
				CLANG_ENABLE_MODULES = YES;
				CLANG_ENABLE_OBJC_ARC = YES;
				CLANG_WARN_BOOL_CONVERSION = YES;
				CLANG_WARN_CONSTANT_CONVERSION = YES;
				CLANG_WARN_DIRECT_OBJC_ISA_USAGE = YES_ERROR;
				CLANG_WARN_DOCUMENTATION_COMMENTS = YES;
				CLANG_WARN_EMPTY_BODY = YES;
				CLANG_WARN_ENUM_CONVERSION = YES;
				CLANG_WARN_INFINITE_RECURSION = YES;
				CLANG_WARN_INT_CONVERSION = YES;
				CLANG_WARN_OBJC_ROOT_CLASS = YES_ERROR;
				CLANG_WARN_SUSPICIOUS_MOVE = YES;
				CLANG_WARN_UNREACHABLE_CODE = YES;
				CLANG_WARN__DUPLICATE_METHOD_MATCH = YES;
				"CODE_SIGN_IDENTITY[sdk=iphoneos*]" = "iPhone Developer";
				COPY_PHASE_STRIP = NO;
				DEBUG_INFORMATION_FORMAT = dwarf;
				ENABLE_STRICT_OBJC_MSGSEND = YES;
				ENABLE_TESTABILITY = YES;
				GCC_C_LANGUAGE_STANDARD = gnu99;
				GCC_DYNAMIC_NO_PIC = NO;
				GCC_NO_COMMON_BLOCKS = YES;
				GCC_OPTIMIZATION_LEVEL = 0;
				GCC_PREPROCESSOR_DEFINITIONS = (
					"DEBUG=1",
					"$(inherited)",
				);
				GCC_WARN_64_TO_32_BIT_CONVERSION = YES;
				GCC_WARN_ABOUT_RETURN_TYPE = YES_ERROR;
				GCC_WARN_UNDECLARED_SELECTOR = YES;
				GCC_WARN_UNINITIALIZED_AUTOS = YES_AGGRESSIVE;
				GCC_WARN_UNUSED_FUNCTION = YES;
				GCC_WARN_UNUSED_VARIABLE = YES;
				IPHONEOS_DEPLOYMENT_TARGET = 10.2;
				MTL_ENABLE_DEBUG_INFO = YES;
				ONLY_ACTIVE_ARCH = YES;
				SDKROOT = iphoneos;
				SWIFT_ACTIVE_COMPILATION_CONDITIONS = DEBUG;
				SWIFT_OPTIMIZATION_LEVEL = "-Onone";
				TARGETED_DEVICE_FAMILY = "1,2";
			};
			name = Debug;
		};
		C8F0776820A3E1DA00E97B2E /* Release */ = {
			isa = XCBuildConfiguration;
			buildSettings = {
				ALWAYS_SEARCH_USER_PATHS = NO;
				CLANG_ANALYZER_NONNULL = YES;
				CLANG_CXX_LANGUAGE_STANDARD = "gnu++0x";
				CLANG_CXX_LIBRARY = "libc++";
				CLANG_ENABLE_MODULES = YES;
				CLANG_ENABLE_OBJC_ARC = YES;
				CLANG_WARN_BOOL_CONVERSION = YES;
				CLANG_WARN_CONSTANT_CONVERSION = YES;
				CLANG_WARN_DIRECT_OBJC_ISA_USAGE = YES_ERROR;
				CLANG_WARN_DOCUMENTATION_COMMENTS = YES;
				CLANG_WARN_EMPTY_BODY = YES;
				CLANG_WARN_ENUM_CONVERSION = YES;
				CLANG_WARN_INFINITE_RECURSION = YES;
				CLANG_WARN_INT_CONVERSION = YES;
				CLANG_WARN_OBJC_ROOT_CLASS = YES_ERROR;
				CLANG_WARN_SUSPICIOUS_MOVE = YES;
				CLANG_WARN_UNREACHABLE_CODE = YES;
				CLANG_WARN__DUPLICATE_METHOD_MATCH = YES;
				"CODE_SIGN_IDENTITY[sdk=iphoneos*]" = "iPhone Developer";
				COPY_PHASE_STRIP = NO;
				DEBUG_INFORMATION_FORMAT = "dwarf-with-dsym";
				ENABLE_NS_ASSERTIONS = NO;
				ENABLE_STRICT_OBJC_MSGSEND = YES;
				GCC_C_LANGUAGE_STANDARD = gnu99;
				GCC_NO_COMMON_BLOCKS = YES;
				GCC_WARN_64_TO_32_BIT_CONVERSION = YES;
				GCC_WARN_ABOUT_RETURN_TYPE = YES_ERROR;
				GCC_WARN_UNDECLARED_SELECTOR = YES;
				GCC_WARN_UNINITIALIZED_AUTOS = YES_AGGRESSIVE;
				GCC_WARN_UNUSED_FUNCTION = YES;
				GCC_WARN_UNUSED_VARIABLE = YES;
				IPHONEOS_DEPLOYMENT_TARGET = 10.2;
				MTL_ENABLE_DEBUG_INFO = NO;
				SDKROOT = iphoneos;
				SWIFT_OPTIMIZATION_LEVEL = "-Owholemodule";
				TARGETED_DEVICE_FAMILY = "1,2";
				VALIDATE_PRODUCT = YES;
			};
			name = Release;
		};
		C8F0776A20A3E1DA00E97B2E /* Debug */ = {
			isa = XCBuildConfiguration;
			buildSettings = {
				ASSETCATALOG_COMPILER_APPICON_NAME = AppIcon;
				DEVELOPMENT_TEAM = 24SM6522LU;
				INFOPLIST_FILE = toolkit_assignment_2/Info.plist;
				LD_RUNPATH_SEARCH_PATHS = "$(inherited) @executable_path/Frameworks";
				PRODUCT_BUNDLE_IDENTIFIER = "AminHeydari.toolkit-assignment-2";
				PRODUCT_NAME = "$(TARGET_NAME)";
				SWIFT_VERSION = 3.0;
			};
			name = Debug;
		};
		C8F0776B20A3E1DA00E97B2E /* Release */ = {
			isa = XCBuildConfiguration;
			buildSettings = {
				ASSETCATALOG_COMPILER_APPICON_NAME = AppIcon;
				DEVELOPMENT_TEAM = 24SM6522LU;
				INFOPLIST_FILE = toolkit_assignment_2/Info.plist;
				LD_RUNPATH_SEARCH_PATHS = "$(inherited) @executable_path/Frameworks";
				PRODUCT_BUNDLE_IDENTIFIER = "AminHeydari.toolkit-assignment-2";
				PRODUCT_NAME = "$(TARGET_NAME)";
				SWIFT_VERSION = 3.0;
			};
			name = Release;
		};
		C8F0776D20A3E1DA00E97B2E /* Debug */ = {
			isa = XCBuildConfiguration;
			buildSettings = {
				ALWAYS_EMBED_SWIFT_STANDARD_LIBRARIES = YES;
				BUNDLE_LOADER = "$(TEST_HOST)";
				DEVELOPMENT_TEAM = 24SM6522LU;
				INFOPLIST_FILE = toolkit_assignment_2Tests/Info.plist;
				LD_RUNPATH_SEARCH_PATHS = "$(inherited) @executable_path/Frameworks @loader_path/Frameworks";
				PRODUCT_BUNDLE_IDENTIFIER = "AminHeydari.toolkit-assignment-2Tests";
				PRODUCT_NAME = "$(TARGET_NAME)";
				SWIFT_VERSION = 3.0;
				TEST_HOST = "$(BUILT_PRODUCTS_DIR)/toolkit_assignment_2.app/toolkit_assignment_2";
			};
			name = Debug;
		};
		C8F0776E20A3E1DA00E97B2E /* Release */ = {
			isa = XCBuildConfiguration;
			buildSettings = {
				ALWAYS_EMBED_SWIFT_STANDARD_LIBRARIES = YES;
				BUNDLE_LOADER = "$(TEST_HOST)";
				DEVELOPMENT_TEAM = 24SM6522LU;
				INFOPLIST_FILE = toolkit_assignment_2Tests/Info.plist;
				LD_RUNPATH_SEARCH_PATHS = "$(inherited) @executable_path/Frameworks @loader_path/Frameworks";
				PRODUCT_BUNDLE_IDENTIFIER = "AminHeydari.toolkit-assignment-2Tests";
				PRODUCT_NAME = "$(TARGET_NAME)";
				SWIFT_VERSION = 3.0;
				TEST_HOST = "$(BUILT_PRODUCTS_DIR)/toolkit_assignment_2.app/toolkit_assignment_2";
			};
			name = Release;
		};
		C8F0777020A3E1DA00E97B2E /* Debug */ = {
			isa = XCBuildConfiguration;
			buildSettings = {
				ALWAYS_EMBED_SWIFT_STANDARD_LIBRARIES = YES;
				DEVELOPMENT_TEAM = 24SM6522LU;
				INFOPLIST_FILE = toolkit_assignment_2UITests/Info.plist;
				LD_RUNPATH_SEARCH_PATHS = "$(inherited) @executable_path/Frameworks @loader_path/Frameworks";
				PRODUCT_BUNDLE_IDENTIFIER = "AminHeydari.toolkit-assignment-2UITests";
				PRODUCT_NAME = "$(TARGET_NAME)";
				SWIFT_VERSION = 3.0;
				TEST_TARGET_NAME = toolkit_assignment_2;
			};
			name = Debug;
		};
		C8F0777120A3E1DA00E97B2E /* Release */ = {
			isa = XCBuildConfiguration;
			buildSettings = {
				ALWAYS_EMBED_SWIFT_STANDARD_LIBRARIES = YES;
				DEVELOPMENT_TEAM = 24SM6522LU;
				INFOPLIST_FILE = toolkit_assignment_2UITests/Info.plist;
				LD_RUNPATH_SEARCH_PATHS = "$(inherited) @executable_path/Frameworks @loader_path/Frameworks";
				PRODUCT_BUNDLE_IDENTIFIER = "AminHeydari.toolkit-assignment-2UITests";
				PRODUCT_NAME = "$(TARGET_NAME)";
				SWIFT_VERSION = 3.0;
				TEST_TARGET_NAME = toolkit_assignment_2;
			};
			name = Release;
		};
/* End XCBuildConfiguration section */

/* Begin XCConfigurationList section */
		C8F0773920A3E1D900E97B2E /* Build configuration list for PBXProject "toolkit_assignment_2" */ = {
			isa = XCConfigurationList;
			buildConfigurations = (
				C8F0776720A3E1DA00E97B2E /* Debug */,
				C8F0776820A3E1DA00E97B2E /* Release */,
			);
			defaultConfigurationIsVisible = 0;
			defaultConfigurationName = Release;
		};
		C8F0776920A3E1DA00E97B2E /* Build configuration list for PBXNativeTarget "toolkit_assignment_2" */ = {
			isa = XCConfigurationList;
			buildConfigurations = (
				C8F0776A20A3E1DA00E97B2E /* Debug */,
				C8F0776B20A3E1DA00E97B2E /* Release */,
			);
			defaultConfigurationIsVisible = 0;
		};
		C8F0776C20A3E1DA00E97B2E /* Build configuration list for PBXNativeTarget "toolkit_assignment_2Tests" */ = {
			isa = XCConfigurationList;
			buildConfigurations = (
				C8F0776D20A3E1DA00E97B2E /* Debug */,
				C8F0776E20A3E1DA00E97B2E /* Release */,
			);
			defaultConfigurationIsVisible = 0;
		};
		C8F0776F20A3E1DA00E97B2E /* Build configuration list for PBXNativeTarget "toolkit_assignment_2UITests" */ = {
			isa = XCConfigurationList;
			buildConfigurations = (
				C8F0777020A3E1DA00E97B2E /* Debug */,
				C8F0777120A3E1DA00E97B2E /* Release */,
			);
			defaultConfigurationIsVisible = 0;
		};
/* End XCConfigurationList section */

/* Begin XCVersionGroup section */
		C8F0774820A3E1D900E97B2E /* toolkit_assignment_2.xcdatamodeld */ = {
			isa = XCVersionGroup;
			children = (
				C8F0774920A3E1D900E97B2E /* toolkit_assignment_2.xcdatamodel */,
			);
			currentVersion = C8F0774920A3E1D900E97B2E /* toolkit_assignment_2.xcdatamodel */;
			path = toolkit_assignment_2.xcdatamodeld;
			sourceTree = "<group>";
			versionGroupType = wrapper.xcdatamodel;
		};
/* End XCVersionGroup section */
	};
	rootObject = C8F0773620A3E1D900E97B2E /* Project object */;
}
